{
  "name": "backend",
  "version": "1.0.0",
  "lockfileVersion": 1,
  "requires": true,
  "dependencies": {
    "@types/node": {
      "version": "16.7.1",
      "resolved": "https://registry.npmjs.org/@types/node/-/node-16.7.1.tgz",
      "integrity": "sha512-ncRdc45SoYJ2H4eWU9ReDfp3vtFqDYhjOsKlFFUDEn8V1Bgr2RjYal8YT5byfadWIRluhPFU6JiDOl0H6Sl87A==",
      "dev": true
    },
    "uwebsockets.js": {
      "version": "19.0.0-docs",
      "resolved": "https://registry.npmjs.org/uwebsockets.js/-/uwebsockets.js-19.0.0-docs.tgz",
      "integrity": "sha512-XIi5sJY74rlb+bpp9tq9m8OcSsLWcqK5T+LTZVJT97BANwZ86PGxusTx0A+xCl0WqgwcB3goy6bZi4JF5MmLnw==",
      "requires": {
        "uws.js": "git+https://github.com/uNetworking/uWebSockets.js.git#v19.0.0"
      }
    },
    "uws.js": {
      "version": "git+https://github.com/uNetworking/uWebSockets.js.git#301930dae3392b5094a9c0946e178833deb8dc73",
      "from": "git+https://github.com/uNetworking/uWebSockets.js.git#v19.0.0"
    }
  }
}
